# This file was autogenerated by Stack.
# You should not edit this file by hand.
# For more information, please see the documentation at:
#   https://docs.haskellstack.org/en/stable/lock_files

packages:
- completed:
    hackage: distributed-process-0.7.4@sha256:9e43cb9a27e976e3e4c054e783bdfbd6140760e70997448da66993f4674a6409,7577
    pantry-tree:
      sha256: a558e988e6deba25d0667d8f6fd2705c0f7f36292b1afaa5442bd34a9cdf817c
      size: 3102
  original:
    hackage: distributed-process-0.7.4
- completed:
    hackage: distributed-static-0.3.9@sha256:0eb308ee416db4541cb5b4d2dff387e7c9394e6deaf76b7e829ce46add4448bc,2237
    pantry-tree:
      sha256: 4f42a4fe0ce97fb4a1ae2c947b6077ee718a5f11545a72387c13a0edc405d28e
      size: 286
  original:
    hackage: distributed-static-0.3.9
- completed:
    hackage: network-transport-tcp-0.8.1@sha256:775e0811943e44c0a3c40a7c0343c51cf92d520e5e9aee1c6958dca4e9d1fab5,3373
    pantry-tree:
      sha256: deef7c0c34faee15363f575e8367509eb5577d45bb868e2573e39c69aa1349b3
      size: 651
  original:
    hackage: network-transport-tcp-0.8.1
- completed:
    hackage: haskeline-0.8.0.0@sha256:3dc9a0d2a50ec32cb496f0dc6037504c99527e3f5b0a2525bb41a8cd197104dd,5610
    pantry-tree:
      sha256: 2b2e3696d08a5cbef34840b44fcbed504d32189efec5a01889ac69b67654de16
      size: 3013
  original:
    hackage: haskeline-0.8.0.0
snapshots:
- completed:
    sha256: 95f014df58d0679b1c4a2b7bf2b652b61da8d30de5f571abb0d59015ef678646
    size: 509471
    url: https://raw.githubusercontent.com/commercialhaskell/stackage-snapshots/master/lts/12/26.yaml
  original: lts-12.26
